
Microsoft Visual Studio Solution File, Format Version 12.00
# Visual Studio Version 17
VisualStudioVersion = 17.0.31912.275
MinimumVisualStudioVersion = 10.0.40219.1
Project("{FAE04EC0-301F-11D3-BF4B-00C04F79EFBC}") = "shape11", "shape11.csproj", "{1C6AFFD8-432A-481F-94EE-169B67C2656D}"
EndProject
Global
	GlobalSection(SolutionConfigurationPlatforms) = preSolution
		Debug|Any CPU = Debug|Any CPU
		Release|Any CPU = Release|Any CPU
	EndGlobalSection
	GlobalSection(ProjectConfigurationPlatforms) = postSolution
		{1C6AFFD8-432A-481F-94EE-169B67C2656D}.Debug|Any CPU.ActiveCfg = Debug|Any CPU
		{1C6AFFD8-432A-481F-94EE-169B67C2656D}.Debug|Any CPU.Build.0 = Debug|Any CPU
		{1C6AFFD8-432A-481F-94EE-169B67C2656D}.Release|Any CPU.ActiveCfg = Release|Any CPU
		{1C6AFFD8-432A-481F-94EE-169B67C2656D}.Release|Any CPU.Build.0 = Release|Any CPU
	EndGlobalSection
	GlobalSection(SolutionProperties) = preSolution
		HideSolutionNode = FALSE
	EndGlobalSection
	GlobalSection(ExtensibilityGlobals) = postSolution
		SolutionGuid = {CDB9E477-27B2-48A7-8B46-34CFD0C00B36}
	EndGlobalSection
EndGlobal
