
Microsoft Visual Studio Solution File, Format Version 12.00
# Visual Studio Version 17
VisualStudioVersion = 17.0.31912.275
MinimumVisualStudioVersion = 10.0.40219.1
Project("{FAE04EC0-301F-11D3-BF4B-00C04F79EFBC}") = "Student CourseEnrollement", "Student CourseEnrollement.csproj", "{049EFE27-6A7C-43B3-B6D4-B11BEB239F88}"
EndProject
Global
	GlobalSection(SolutionConfigurationPlatforms) = preSolution
		Debug|Any CPU = Debug|Any CPU
		Release|Any CPU = Release|Any CPU
	EndGlobalSection
	GlobalSection(ProjectConfigurationPlatforms) = postSolution
		{049EFE27-6A7C-43B3-B6D4-B11BEB239F88}.Debug|Any CPU.ActiveCfg = Debug|Any CPU
		{049EFE27-6A7C-43B3-B6D4-B11BEB239F88}.Debug|Any CPU.Build.0 = Debug|Any CPU
		{049EFE27-6A7C-43B3-B6D4-B11BEB239F88}.Release|Any CPU.ActiveCfg = Release|Any CPU
		{049EFE27-6A7C-43B3-B6D4-B11BEB239F88}.Release|Any CPU.Build.0 = Release|Any CPU
	EndGlobalSection
	GlobalSection(SolutionProperties) = preSolution
		HideSolutionNode = FALSE
	EndGlobalSection
	GlobalSection(ExtensibilityGlobals) = postSolution
		SolutionGuid = {E0005196-99A8-4726-A895-CEE3BF2AE832}
	EndGlobalSection
EndGlobal
